
Microsoft Visual Studio Solution File, Format Version 12.00
# Visual Studio Version 17
VisualStudioVersion = 17.0.32126.317
MinimumVisualStudioVersion = 10.0.40219.1
Project("{FAE04EC0-301F-11D3-BF4B-00C04F79EFBC}") = "MailCollector.Service", "MailCollector.Service\MailCollector.Service.csproj", "{5B0F38A8-24F1-4D4A-BF1A-9253B3FF45A2}"
EndProject
Project("{FAE04EC0-301F-11D3-BF4B-00C04F79EFBC}") = "MailCollector.Debug", "MailCollector.Debug\MailCollector.Debug.csproj", "{1B8DC8B1-4C2A-4137-AF0B-06E717FC53DB}"
EndProject
Project("{FAE04EC0-301F-11D3-BF4B-00C04F79EFBC}") = "MailCollector.Kit", "MailCollector.Kit\MailCollector.Kit.csproj", "{5C9BE119-7AD2-4FE9-B92A-65C816749D92}"
EndProject
Global
	GlobalSection(SolutionConfigurationPlatforms) = preSolution
		Debug|Any CPU = Debug|Any CPU
		Release|Any CPU = Release|Any CPU
	EndGlobalSection
	GlobalSection(ProjectConfigurationPlatforms) = postSolution
		{5B0F38A8-24F1-4D4A-BF1A-9253B3FF45A2}.Debug|Any CPU.ActiveCfg = Debug|Any CPU
		{5B0F38A8-24F1-4D4A-BF1A-9253B3FF45A2}.Debug|Any CPU.Build.0 = Debug|Any CPU
		{5B0F38A8-24F1-4D4A-BF1A-9253B3FF45A2}.Release|Any CPU.ActiveCfg = Release|Any CPU
		{5B0F38A8-24F1-4D4A-BF1A-9253B3FF45A2}.Release|Any CPU.Build.0 = Release|Any CPU
		{1B8DC8B1-4C2A-4137-AF0B-06E717FC53DB}.Debug|Any CPU.ActiveCfg = Debug|Any CPU
		{1B8DC8B1-4C2A-4137-AF0B-06E717FC53DB}.Debug|Any CPU.Build.0 = Debug|Any CPU
		{1B8DC8B1-4C2A-4137-AF0B-06E717FC53DB}.Release|Any CPU.ActiveCfg = Release|Any CPU
		{1B8DC8B1-4C2A-4137-AF0B-06E717FC53DB}.Release|Any CPU.Build.0 = Release|Any CPU
		{5C9BE119-7AD2-4FE9-B92A-65C816749D92}.Debug|Any CPU.ActiveCfg = Debug|Any CPU
		{5C9BE119-7AD2-4FE9-B92A-65C816749D92}.Debug|Any CPU.Build.0 = Debug|Any CPU
		{5C9BE119-7AD2-4FE9-B92A-65C816749D92}.Release|Any CPU.ActiveCfg = Release|Any CPU
		{5C9BE119-7AD2-4FE9-B92A-65C816749D92}.Release|Any CPU.Build.0 = Release|Any CPU
	EndGlobalSection
	GlobalSection(SolutionProperties) = preSolution
		HideSolutionNode = FALSE
	EndGlobalSection
	GlobalSection(ExtensibilityGlobals) = postSolution
		SolutionGuid = {2D3DD9C6-C238-4415-8E47-02E54F2923B8}
	EndGlobalSection
EndGlobal
